
Microsoft Visual Studio Solution File, Format Version 12.00
# Visual Studio Version 16
VisualStudioVersion = 16.0.29728.190
MinimumVisualStudioVersion = 10.0.40219.1
Project("{8BC9CEB8-8B4A-11D0-8D11-00A0C91BC942}") = "filecopy", "filecopy\filecopy.vcxproj", "{1C070CDF-37C3-4BE0-AF0E-D5F5A261B65F}"
EndProject
Global
	GlobalSection(SolutionConfigurationPlatforms) = preSolution
		Debug|x64 = Debug|x64
		Debug|x86 = Debug|x86
		Release|x64 = Release|x64
		Release|x86 = Release|x86
	EndGlobalSection
	GlobalSection(ProjectConfigurationPlatforms) = postSolution
		{1C070CDF-37C3-4BE0-AF0E-D5F5A261B65F}.Debug|x64.ActiveCfg = Debug|x64
		{1C070CDF-37C3-4BE0-AF0E-D5F5A261B65F}.Debug|x64.Build.0 = Debug|x64
		{1C070CDF-37C3-4BE0-AF0E-D5F5A261B65F}.Debug|x86.ActiveCfg = Debug|Win32
		{1C070CDF-37C3-4BE0-AF0E-D5F5A261B65F}.Debug|x86.Build.0 = Debug|Win32
		{1C070CDF-37C3-4BE0-AF0E-D5F5A261B65F}.Release|x64.ActiveCfg = Release|x64
		{1C070CDF-37C3-4BE0-AF0E-D5F5A261B65F}.Release|x64.Build.0 = Release|x64
		{1C070CDF-37C3-4BE0-AF0E-D5F5A261B65F}.Release|x86.ActiveCfg = Release|Win32
		{1C070CDF-37C3-4BE0-AF0E-D5F5A261B65F}.Release|x86.Build.0 = Release|Win32
	EndGlobalSection
	GlobalSection(SolutionProperties) = preSolution
		HideSolutionNode = FALSE
	EndGlobalSection
	GlobalSection(ExtensibilityGlobals) = postSolution
		SolutionGuid = {30F6C5E0-E8AA-4859-B7F4-68E2B24BEE6A}
	EndGlobalSection
EndGlobal
